
Microsoft Visual Studio Solution File, Format Version 12.00
# Visual Studio 2017
Project("{FAE04EC0-301F-11D3-BF4B-00C04F79EFBC}") = "COMP391-Project", "COMP391-Project.csproj", "{AE6E52C8-EF78-7F75-1CE9-98C4DE913780}"
EndProject
Global
	GlobalSection(SolutionConfigurationPlatforms) = preSolution
		Debug|Any CPU = Debug|Any CPU
		Release|Any CPU = Release|Any CPU
	EndGlobalSection
	GlobalSection(ProjectConfigurationPlatforms) = postSolution
		{AE6E52C8-EF78-7F75-1CE9-98C4DE913780}.Debug|Any CPU.ActiveCfg = Debug|Any CPU
		{AE6E52C8-EF78-7F75-1CE9-98C4DE913780}.Debug|Any CPU.Build.0 = Debug|Any CPU
		{AE6E52C8-EF78-7F75-1CE9-98C4DE913780}.Release|Any CPU.ActiveCfg = Release|Any CPU
		{AE6E52C8-EF78-7F75-1CE9-98C4DE913780}.Release|Any CPU.Build.0 = Release|Any CPU
	EndGlobalSection
	GlobalSection(SolutionProperties) = preSolution
		HideSolutionNode = FALSE
	EndGlobalSection
EndGlobal
